<Solution>
  <Project Path="../CitasApp.Domain/CitasApp.Domain.csproj" Id="21ca9563-0d73-423c-8852-8078535c7f02" />
  <Project Path="../CitasApp.Infrastructure/CitasApp.Infrastructure.csproj" Id="2eea36d7-29dd-418e-b0e0-5b2122acd858" />
  <Project Path="CitasApp.Application/CitasApp.Application.csproj" />
  <Project Path="CitasApp.Web.csproj" />
</Solution>
